
Microsoft Visual Studio Solution File, Format Version 12.00
# Visual Studio Version 17
VisualStudioVersion = 17.11.35103.136
MinimumVisualStudioVersion = 10.0.40219.1
Project("{FAE04EC0-301F-11D3-BF4B-00C04F79EFBC}") = "QQBot", "QQBot\QQBot.csproj", "{38BBCE52-156F-4D01-AE89-88EF969BC51B}"
EndProject
Global
	GlobalSection(SolutionConfigurationPlatforms) = preSolution
		Debug|Any CPU = Debug|Any CPU
		Release|Any CPU = Release|Any CPU
	EndGlobalSection
	GlobalSection(ProjectConfigurationPlatforms) = postSolution
		{38BBCE52-156F-4D01-AE89-88EF969BC51B}.Debug|Any CPU.ActiveCfg = Debug|Any CPU
		{38BBCE52-156F-4D01-AE89-88EF969BC51B}.Debug|Any CPU.Build.0 = Debug|Any CPU
		{38BBCE52-156F-4D01-AE89-88EF969BC51B}.Release|Any CPU.ActiveCfg = Release|Any CPU
		{38BBCE52-156F-4D01-AE89-88EF969BC51B}.Release|Any CPU.Build.0 = Release|Any CPU
	EndGlobalSection
	GlobalSection(SolutionProperties) = preSolution
		HideSolutionNode = FALSE
	EndGlobalSection
	GlobalSection(ExtensibilityGlobals) = postSolution
		SolutionGuid = {EA209B47-8BC5-406D-A46A-76E10AC96512}
	EndGlobalSection
EndGlobal
